<?xml version="1.0" encoding="utf-8"?>
<Project ToolsVersion="4.0" xmlns="http://schemas.microsoft.com/developer/msbuild/2003">
  <ItemGroup>
    <Filter Include="소스 파일">
      <UniqueIdentifier>{4FC737F1-C7A5-4376-A066-2A32D752A2FF}</UniqueIdentifier>
      <Extensions>cpp;c;cc;cxx;def;odl;idl;hpj;bat;asm;asmx</Extensions>
    </Filter>
    <Filter Include="헤더 파일">
      <UniqueIdentifier>{93995380-89BD-4b04-88EB-625FBE52EBFB}</UniqueIdentifier>
      <Extensions>h;hh;hpp;hxx;hm;inl;inc;xsd</Extensions>
    </Filter>
    <Filter Include="리소스 파일">
      <UniqueIdentifier>{67DA6AB6-F800-4c08-8B7A-83BB121AAD01}</UniqueIdentifier>
      <Extensions>rc;ico;cur;bmp;dlg;rc2;rct;bin;rgs;gif;jpg;jpeg;jpe;resx;tiff;tif;png;wav;mfcribbon-ms</Extensions>
    </Filter>
    <Filter Include="헤더 파일\Library">
      <UniqueIdentifier>{71452b84-afd7-456a-92cd-bd37ce0b38f4}</UniqueIdentifier>
    </Filter>
    <Filter Include="헤더 파일\Library\CBuffer">
      <UniqueIdentifier>{85966ae5-673d-4caa-bedb-811e7e6b059c}</UniqueIdentifier>
    </Filter>
    <Filter Include="헤더 파일\Library\CNetwork">
      <UniqueIdentifier>{8584097f-3433-49b3-a28e-5e5c8551d99d}</UniqueIdentifier>
    </Filter>
    <Filter Include="헤더 파일\Library\CSystem">
      <UniqueIdentifier>{c1f959bf-32b2-48eb-86a9-1ad86498ec1a}</UniqueIdentifier>
    </Filter>
    <Filter Include="소스 파일\Library">
      <UniqueIdentifier>{f072cea4-1b10-415a-9edf-e2ac63a02bfa}</UniqueIdentifier>
    </Filter>
  </ItemGroup>
  <ItemGroup>
    <ClCompile Include="_main.cpp">
      <Filter>소스 파일</Filter>
    </ClCompile>
    <ClCompile Include="APIHook.cpp">
      <Filter>소스 파일\Library</Filter>
    </ClCompile>
    <ClCompile Include="CLanServer.cpp">
      <Filter>소스 파일\Library</Filter>
    </ClCompile>
    <ClCompile Include="CNPacket.cpp">
      <Filter>소스 파일\Library</Filter>
    </ClCompile>
    <ClCompile Include="CrashDump.cpp">
      <Filter>소스 파일\Library</Filter>
    </ClCompile>
    <ClCompile Include="CRingBuffer.cpp">
      <Filter>소스 파일\Library</Filter>
    </ClCompile>
    <ClCompile Include="CEchoServer.cpp">
      <Filter>소스 파일</Filter>
    </ClCompile>
  </ItemGroup>
  <ItemGroup>
    <ClInclude Include="CNPacket.h">
      <Filter>헤더 파일\Library\CBuffer</Filter>
    </ClInclude>
    <ClInclude Include="CLFMemoryPool_TLS.h">
      <Filter>헤더 파일\Library\CBuffer</Filter>
    </ClInclude>
    <ClInclude Include="CLFMemoryPool.h">
      <Filter>헤더 파일\Library\CBuffer</Filter>
    </ClInclude>
    <ClInclude Include="CSystemLog.h">
      <Filter>헤더 파일\Library\CSystem</Filter>
    </ClInclude>
    <ClInclude Include="CrashDump.h">
      <Filter>헤더 파일\Library\CSystem</Filter>
    </ClInclude>
    <ClInclude Include="APIHook.h">
      <Filter>헤더 파일\Library\CSystem</Filter>
    </ClInclude>
    <ClInclude Include="CLanServer.h">
      <Filter>헤더 파일\Library\CNetwork</Filter>
    </ClInclude>
    <ClInclude Include="CRingBuffer.h">
      <Filter>헤더 파일\Library\CBuffer</Filter>
    </ClInclude>
    <ClInclude Include="CLFQueue.h">
      <Filter>헤더 파일\Library\CBuffer</Filter>
    </ClInclude>
    <ClInclude Include="CLFStack.h">
      <Filter>헤더 파일\Library\CBuffer</Filter>
    </ClInclude>
    <ClInclude Include="CEchoServer.h">
      <Filter>헤더 파일</Filter>
    </ClInclude>
    <ClInclude Include="_Define.h">
      <Filter>헤더 파일</Filter>
    </ClInclude>
  </ItemGroup>
</Project>