<?xml version="1.0" encoding="utf-8"?>
<Project ToolsVersion="4.0" xmlns="http://schemas.microsoft.com/developer/msbuild/2003">
  <ItemGroup>
    <Filter Include="소스 파일">
      <UniqueIdentifier>{4FC737F1-C7A5-4376-A066-2A32D752A2FF}</UniqueIdentifier>
      <Extensions>cpp;c;cc;cxx;def;odl;idl;hpj;bat;asm;asmx</Extensions>
    </Filter>
    <Filter Include="헤더 파일">
      <UniqueIdentifier>{93995380-89BD-4b04-88EB-625FBE52EBFB}</UniqueIdentifier>
      <Extensions>h;hh;hpp;hxx;hm;inl;inc;xsd</Extensions>
    </Filter>
    <Filter Include="리소스 파일">
      <UniqueIdentifier>{67DA6AB6-F800-4c08-8B7A-83BB121AAD01}</UniqueIdentifier>
      <Extensions>rc;ico;cur;bmp;dlg;rc2;rct;bin;rgs;gif;jpg;jpeg;jpe;resx;tiff;tif;png;wav;mfcribbon-ms</Extensions>
    </Filter>
    <Filter Include="헤더 파일\Library">
      <UniqueIdentifier>{3aaf3e57-402c-4e58-9802-1c52ea9a88fa}</UniqueIdentifier>
    </Filter>
    <Filter Include="헤더 파일\Library\CBuffer">
      <UniqueIdentifier>{5792c68a-aaa8-49cf-9ae7-721ae938725c}</UniqueIdentifier>
    </Filter>
    <Filter Include="헤더 파일\Library\CSystem">
      <UniqueIdentifier>{3fa600af-ead9-4337-bbb2-99cb8d30fb93}</UniqueIdentifier>
    </Filter>
    <Filter Include="헤더 파일\Library\CNetwork">
      <UniqueIdentifier>{3c666696-90ce-4e78-8116-b7bbc0a75967}</UniqueIdentifier>
    </Filter>
  </ItemGroup>
  <ItemGroup>
    <ClInclude Include="_Define.h">
      <Filter>헤더 파일</Filter>
    </ClInclude>
    <ClInclude Include="CEchoClient.h">
      <Filter>헤더 파일</Filter>
    </ClInclude>
    <ClInclude Include="CLanClient.h">
      <Filter>헤더 파일\Library\CNetwork</Filter>
    </ClInclude>
    <ClInclude Include="APIHook.h">
      <Filter>헤더 파일\Library\CSystem</Filter>
    </ClInclude>
    <ClInclude Include="CrashDump.h">
      <Filter>헤더 파일\Library\CSystem</Filter>
    </ClInclude>
    <ClInclude Include="CSystemLog.h">
      <Filter>헤더 파일\Library\CSystem</Filter>
    </ClInclude>
    <ClInclude Include="CLFMemoryPool.h">
      <Filter>헤더 파일\Library\CBuffer</Filter>
    </ClInclude>
    <ClInclude Include="CLFMemoryPool_TLS.h">
      <Filter>헤더 파일\Library\CBuffer</Filter>
    </ClInclude>
    <ClInclude Include="CLFQueue.h">
      <Filter>헤더 파일\Library\CBuffer</Filter>
    </ClInclude>
    <ClInclude Include="CLFStack.h">
      <Filter>헤더 파일\Library\CBuffer</Filter>
    </ClInclude>
    <ClInclude Include="CNPacket.h">
      <Filter>헤더 파일\Library\CBuffer</Filter>
    </ClInclude>
    <ClInclude Include="CRingBuffer.h">
      <Filter>헤더 파일\Library\CBuffer</Filter>
    </ClInclude>
  </ItemGroup>
  <ItemGroup>
    <ClCompile Include="CEchoClient.cpp">
      <Filter>소스 파일</Filter>
    </ClCompile>
    <ClCompile Include="CLanClient.cpp">
      <Filter>소스 파일</Filter>
    </ClCompile>
    <ClCompile Include="CNPacket.cpp">
      <Filter>소스 파일</Filter>
    </ClCompile>
    <ClCompile Include="CrashDump.cpp">
      <Filter>소스 파일</Filter>
    </ClCompile>
    <ClCompile Include="CRingBuffer.cpp">
      <Filter>소스 파일</Filter>
    </ClCompile>
    <ClCompile Include="_main.cpp">
      <Filter>소스 파일</Filter>
    </ClCompile>
    <ClCompile Include="APIHook.cpp">
      <Filter>소스 파일</Filter>
    </ClCompile>
  </ItemGroup>
</Project>